<?xml version="1.0" encoding="utf-8"?>
<Project ToolsVersion="4.0" xmlns="http://schemas.microsoft.com/developer/msbuild/2003">
  <ItemGroup>
    <Filter Include="3rd">
      <UniqueIdentifier>{bee86181-f91c-48d3-a382-abfbd33e8cfd}</UniqueIdentifier>
    </Filter>
    <Filter Include="GeneralHashFunctions_-_C">
      <UniqueIdentifier>{942a930f-8fe8-49b6-bf16-5557d7c5843a}</UniqueIdentifier>
    </Filter>
    <Filter Include="GeneralHashFunctions_-_CPP">
      <UniqueIdentifier>{699f1859-a6c5-4c2c-aa0f-b58284af368f}</UniqueIdentifier>
    </Filter>
    <Filter Include="helloworld">
      <UniqueIdentifier>{accab2d9-0709-4b1c-8e72-383b88c1acc7}</UniqueIdentifier>
    </Filter>
    <Filter Include="lua">
      <UniqueIdentifier>{d9416bb7-f93c-4efa-8ef2-4ed25c6383a3}</UniqueIdentifier>
    </Filter>
    <Filter Include="MultiplayerBook">
      <UniqueIdentifier>{e63c1455-1dd0-4227-83e9-d18e934594b8}</UniqueIdentifier>
    </Filter>
    <Filter Include="proxy_epoll">
      <UniqueIdentifier>{b0fe6c19-9fa0-4bef-ae22-ff7966259252}</UniqueIdentifier>
    </Filter>
    <Filter Include="referlib">
      <UniqueIdentifier>{e2a61e81-21ee-45fb-859f-cc8b6a125dfb}</UniqueIdentifier>
    </Filter>
    <Filter Include="3rd\templog">
      <UniqueIdentifier>{ff49d082-a9c2-4af9-968e-a45e6a31da78}</UniqueIdentifier>
    </Filter>
    <Filter Include="3rd\templog\imp">
      <UniqueIdentifier>{aa9e40a6-048a-460f-bfe4-5c1c1b0e4dc8}</UniqueIdentifier>
    </Filter>
    <Filter Include="3rd\templog\test">
      <UniqueIdentifier>{3f9bf5f7-713a-4cbd-93d2-b66c466a0c61}</UniqueIdentifier>
    </Filter>
    <Filter Include="proxy_epoll\subproxy">
      <UniqueIdentifier>{5feadeea-a5f0-4f8b-94e0-ebfede7711f9}</UniqueIdentifier>
    </Filter>
    <Filter Include="test">
      <UniqueIdentifier>{a8209389-5ac8-49d1-94a7-d19364837e3e}</UniqueIdentifier>
    </Filter>
    <Filter Include="cpp11">
      <UniqueIdentifier>{010752af-4e25-43cd-a601-164494bbeda1}</UniqueIdentifier>
    </Filter>
    <Filter Include="inicfg">
      <UniqueIdentifier>{a81d4065-9549-4fbb-8b45-272b36c47c77}</UniqueIdentifier>
    </Filter>
    <Filter Include="ThreadPool">
      <UniqueIdentifier>{707f1a3a-b12b-405b-b78f-361b2c1f1350}</UniqueIdentifier>
    </Filter>
    <Filter Include="declare">
      <UniqueIdentifier>{f477749b-1529-4cb6-8c46-fb0479e3ef58}</UniqueIdentifier>
    </Filter>
    <Filter Include="http">
      <UniqueIdentifier>{151fb0ea-889e-4cb4-a11a-5157437b00de}</UniqueIdentifier>
    </Filter>
    <Filter Include="webservice">
      <UniqueIdentifier>{3f609239-ee32-4f4b-90e8-b38e8c1553b8}</UniqueIdentifier>
    </Filter>
    <Filter Include="websocket">
      <UniqueIdentifier>{728f1e93-0cba-40ea-afc7-4479fd434b26}</UniqueIdentifier>
    </Filter>
    <Filter Include="candlua">
      <UniqueIdentifier>{4c3bd3b8-a952-4b15-a790-e2b56d2c7063}</UniqueIdentifier>
    </Filter>
    <Filter Include="card">
      <UniqueIdentifier>{76770b28-e655-4a9b-bafe-156f459711c8}</UniqueIdentifier>
    </Filter>
    <Filter Include="candlua\pbc">
      <UniqueIdentifier>{373f62b3-5d63-429d-a261-27b852b411c3}</UniqueIdentifier>
    </Filter>
    <Filter Include="lua-arc4random">
      <UniqueIdentifier>{829bf1a2-f662-4e80-9af2-95ae45cc9bf6}</UniqueIdentifier>
    </Filter>
    <Filter Include="lua-arc4random\compat">
      <UniqueIdentifier>{8181b2bd-9344-4098-9575-8030ef770bfd}</UniqueIdentifier>
    </Filter>
    <Filter Include="lua-arc4random\include">
      <UniqueIdentifier>{31263373-9790-4506-bf0a-630050ef2a08}</UniqueIdentifier>
    </Filter>
    <Filter Include="lua-arc4random\rockspec">
      <UniqueIdentifier>{9f2a1536-9c19-459f-9521-015baaaf0bcf}</UniqueIdentifier>
    </Filter>
    <Filter Include="lua-arc4random\src">
      <UniqueIdentifier>{af18ec4e-1f63-4839-9105-e35a9d294644}</UniqueIdentifier>
    </Filter>
    <Filter Include="lua-arc4random\include\machine">
      <UniqueIdentifier>{94a67c6e-45cd-4ec3-8636-dde9c72ee8c3}</UniqueIdentifier>
    </Filter>
    <Filter Include="lua-arc4random\include\sys">
      <UniqueIdentifier>{72185406-8a7e-47ff-a7b1-b1aeec621fbe}</UniqueIdentifier>
    </Filter>
    <Filter Include="lua-arc4random\compat\arc4random">
      <UniqueIdentifier>{3b967024-572a-48f8-95f6-da36a798c006}</UniqueIdentifier>
    </Filter>
    <Filter Include="lua-arc4random\compat\getentropy">
      <UniqueIdentifier>{547b0bd4-cab4-483f-8a87-c1eada734084}</UniqueIdentifier>
    </Filter>
    <Filter Include="lua-arc4random\compat\sha">
      <UniqueIdentifier>{74ae400c-9ac1-4e39-9ca1-455ef716e486}</UniqueIdentifier>
    </Filter>
    <Filter Include="lua-cjson">
      <UniqueIdentifier>{96af706b-7cda-4587-9845-ec7d6a0ac3b4}</UniqueIdentifier>
    </Filter>
    <Filter Include="lua-cjson\devel">
      <UniqueIdentifier>{f5421fd2-09ce-4638-8472-347b6faa0031}</UniqueIdentifier>
    </Filter>
    <Filter Include="lua-cjson\lua">
      <UniqueIdentifier>{e58f61b1-7f7b-4188-ba8a-3e1b3a87433b}</UniqueIdentifier>
    </Filter>
    <Filter Include="lua-cjson\tests">
      <UniqueIdentifier>{d1663ce4-27fb-4525-ad8e-39b169cad600}</UniqueIdentifier>
    </Filter>
    <Filter Include="lua-cjson\lua\cjson">
      <UniqueIdentifier>{288c2955-0889-4822-b1f7-ceca74f366c0}</UniqueIdentifier>
    </Filter>
    <Filter Include="lua-5.3.4-src">
      <UniqueIdentifier>{99b74ddd-59d7-482d-9f09-73ca9927c980}</UniqueIdentifier>
    </Filter>
    <Filter Include="lua-5.3.4-src\doc">
      <UniqueIdentifier>{bf6cbadd-fac0-4539-8549-a8719f6b44d6}</UniqueIdentifier>
    </Filter>
    <Filter Include="lua-5.3.4-src\src">
      <UniqueIdentifier>{5215f367-bf3b-4df0-9a33-18e57029b71e}</UniqueIdentifier>
    </Filter>
    <Filter Include="NetSelect">
      <UniqueIdentifier>{b56d0236-c6a6-422e-b43c-23965b89b13e}</UniqueIdentifier>
    </Filter>
    <Filter Include="NetPoll">
      <UniqueIdentifier>{40ff8853-3b79-4aec-998e-be4820e582b0}</UniqueIdentifier>
    </Filter>
    <Filter Include="ConnectSkynet">
      <UniqueIdentifier>{c18fdd19-70aa-4e10-b362-4fb8f8c7fadc}</UniqueIdentifier>
    </Filter>
    <Filter Include="ConnectSkynet\pbc">
      <UniqueIdentifier>{f439a1a2-a070-470f-ae10-5cd662840bcb}</UniqueIdentifier>
    </Filter>
    <Filter Include="big_little_endian">
      <UniqueIdentifier>{eac60593-87b6-42c3-afa1-1b6dd68b1031}</UniqueIdentifier>
    </Filter>
    <Filter Include="NetEpoll">
      <UniqueIdentifier>{ecd77292-9bd3-43ce-a885-43efdf8bcd5e}</UniqueIdentifier>
    </Filter>
    <Filter Include="logger">
      <UniqueIdentifier>{c358ae60-bfea-4d6b-bbcb-559db4f6aefb}</UniqueIdentifier>
    </Filter>
    <Filter Include="demo_php_connect_server">
      <UniqueIdentifier>{0d5aae4b-0c82-4795-9c6d-111521a999b5}</UniqueIdentifier>
    </Filter>
    <Filter Include="NetHttp">
      <UniqueIdentifier>{7bbce6c5-9c47-46a8-9111-26d110e76b65}</UniqueIdentifier>
    </Filter>
    <Filter Include="loggercpp">
      <UniqueIdentifier>{2cb03e3a-167f-4250-ac12-4282df9a758c}</UniqueIdentifier>
    </Filter>
    <Filter Include="loggersafe">
      <UniqueIdentifier>{7ba3b789-48c2-4940-aba1-762d9ec4e3d3}</UniqueIdentifier>
    </Filter>
    <Filter Include="timer">
      <UniqueIdentifier>{49e9174e-87c1-4c29-b83d-0ee1783fd143}</UniqueIdentifier>
    </Filter>
    <Filter Include="luafunc">
      <UniqueIdentifier>{a40682bd-0404-419a-a397-d675cb763ae5}</UniqueIdentifier>
    </Filter>
    <Filter Include="luafunc\utility">
      <UniqueIdentifier>{29143eb5-e1fb-4bda-8bf5-17879b635901}</UniqueIdentifier>
    </Filter>
    <Filter Include="luafunc\cjson">
      <UniqueIdentifier>{df3c8acc-4eaf-4720-afbd-2105948d006f}</UniqueIdentifier>
    </Filter>
  </ItemGroup>
  <ItemGroup>
    <ClInclude Include="..\3rd\templog\config.h">
      <Filter>3rd\templog</Filter>
    </ClInclude>
    <ClInclude Include="..\3rd\templog\logging.h">
      <Filter>3rd\templog</Filter>
    </ClInclude>
    <ClInclude Include="..\3rd\templog\templ_meta.h">
      <Filter>3rd\templog</Filter>
    </ClInclude>
    <ClInclude Include="..\3rd\templog\tuples.h">
      <Filter>3rd\templog</Filter>
    </ClInclude>
    <ClInclude Include="..\3rd\templog\type_lists.h">
      <Filter>3rd\templog</Filter>
    </ClInclude>
    <ClInclude Include="..\GeneralHashFunctions_-_C\GeneralHashFunctions.h">
      <Filter>GeneralHashFunctions_-_C</Filter>
    </ClInclude>
    <ClInclude Include="..\GeneralHashFunctions_-_CPP\GeneralHashFunctions.h">
      <Filter>GeneralHashFunctions_-_CPP</Filter>
    </ClInclude>
    <ClInclude Include="..\MultiplayerBook\ByteSwap.h">
      <Filter>MultiplayerBook</Filter>
    </ClInclude>
    <ClInclude Include="..\MultiplayerBook\LinkingContext.h">
      <Filter>MultiplayerBook</Filter>
    </ClInclude>
    <ClInclude Include="..\MultiplayerBook\MemoryBitStream.h">
      <Filter>MultiplayerBook</Filter>
    </ClInclude>
    <ClInclude Include="..\MultiplayerBook\RoboMath.h">
      <Filter>MultiplayerBook</Filter>
    </ClInclude>
    <ClInclude Include="..\proxy_epoll\proxy_epoll.h">
      <Filter>proxy_epoll</Filter>
    </ClInclude>
    <ClInclude Include="..\cpp11\Timer.hpp">
      <Filter>cpp11</Filter>
    </ClInclude>
    <ClInclude Include="..\cpp11\type_name.hpp">
      <Filter>cpp11</Filter>
    </ClInclude>
    <ClInclude Include="..\cpp11\ThreadPool.hpp">
      <Filter>cpp11</Filter>
    </ClInclude>
    <ClInclude Include="..\cpp11\SyncQueue.hpp">
      <Filter>cpp11</Filter>
    </ClInclude>
    <ClInclude Include="..\ThreadPool\ThreadPool.h">
      <Filter>ThreadPool</Filter>
    </ClInclude>
    <ClInclude Include="..\referlib\barrier.h">
      <Filter>referlib</Filter>
    </ClInclude>
    <ClInclude Include="..\referlib\eventmanager.h">
      <Filter>referlib</Filter>
    </ClInclude>
    <ClInclude Include="..\referlib\future.h">
      <Filter>referlib</Filter>
    </ClInclude>
    <ClInclude Include="..\referlib\iobuffer.h">
      <Filter>referlib</Filter>
    </ClInclude>
    <ClInclude Include="..\referlib\notification.h">
      <Filter>referlib</Filter>
    </ClInclude>
    <ClInclude Include="..\referlib\tcp.h">
      <Filter>referlib</Filter>
    </ClInclude>
    <ClInclude Include="..\declare\helloworld.h">
      <Filter>declare</Filter>
    </ClInclude>
    <ClInclude Include="..\cpp11\shared.hpp">
      <Filter>cpp11</Filter>
    </ClInclude>
    <ClInclude Include="..\cpp11\test_regex_match.h">
      <Filter>cpp11</Filter>
    </ClInclude>
    <ClInclude Include="..\cpp11\test_lambda.h">
      <Filter>cpp11</Filter>
    </ClInclude>
    <ClInclude Include="..\http\http_client.h">
      <Filter>http</Filter>
    </ClInclude>
    <ClInclude Include="..\http\http_method.h">
      <Filter>http</Filter>
    </ClInclude>
    <ClInclude Include="..\http\http_protocol.h">
      <Filter>http</Filter>
    </ClInclude>
    <ClInclude Include="..\http\http_request.h">
      <Filter>http</Filter>
    </ClInclude>
    <ClInclude Include="..\http\http_response.h">
      <Filter>http</Filter>
    </ClInclude>
    <ClInclude Include="..\http\http_status.h">
      <Filter>http</Filter>
    </ClInclude>
    <ClInclude Include="..\http\http.h">
      <Filter>http</Filter>
    </ClInclude>
    <ClInclude Include="..\http\socklib.h">
      <Filter>http</Filter>
    </ClInclude>
    <ClInclude Include="..\http\http_server.h">
      <Filter>http</Filter>
    </ClInclude>
    <ClInclude Include="..\webservice\websocket.h">
      <Filter>webservice</Filter>
    </ClInclude>
    <ClInclude Include="..\websocket\base64.h">
      <Filter>websocket</Filter>
    </ClInclude>
    <ClInclude Include="..\websocket\debug_log.h">
      <Filter>websocket</Filter>
    </ClInclude>
    <ClInclude Include="..\websocket\network_interface.h">
      <Filter>websocket</Filter>
    </ClInclude>
    <ClInclude Include="..\websocket\sha1.h">
      <Filter>websocket</Filter>
    </ClInclude>
    <ClInclude Include="..\websocket\websocket_handler.h">
      <Filter>websocket</Filter>
    </ClInclude>
    <ClInclude Include="..\websocket\websocket_request.h">
      <Filter>websocket</Filter>
    </ClInclude>
    <ClInclude Include="..\websocket\websocket_respond.h">
      <Filter>websocket</Filter>
    </ClInclude>
    <ClInclude Include="..\card\land_logic.h">
      <Filter>card</Filter>
    </ClInclude>
    <ClInclude Include="..\candlua\pbc\alloc.h">
      <Filter>candlua\pbc</Filter>
    </ClInclude>
    <ClInclude Include="..\candlua\pbc\array.h">
      <Filter>candlua\pbc</Filter>
    </ClInclude>
    <ClInclude Include="..\candlua\pbc\bootstrap.h">
      <Filter>candlua\pbc</Filter>
    </ClInclude>
    <ClInclude Include="..\candlua\pbc\context.h">
      <Filter>candlua\pbc</Filter>
    </ClInclude>
    <ClInclude Include="..\candlua\pbc\descriptor.pbc.h">
      <Filter>candlua\pbc</Filter>
    </ClInclude>
    <ClInclude Include="..\candlua\pbc\map.h">
      <Filter>candlua\pbc</Filter>
    </ClInclude>
    <ClInclude Include="..\candlua\pbc\pattern.h">
      <Filter>candlua\pbc</Filter>
    </ClInclude>
    <ClInclude Include="..\candlua\pbc\proto.h">
      <Filter>candlua\pbc</Filter>
    </ClInclude>
    <ClInclude Include="..\candlua\pbc\stringpool.h">
      <Filter>candlua\pbc</Filter>
    </ClInclude>
    <ClInclude Include="..\candlua\pbc\varint.h">
      <Filter>candlua\pbc</Filter>
    </ClInclude>
    <ClInclude Include="..\lua-arc4random\include\blf.h">
      <Filter>lua-arc4random\include</Filter>
    </ClInclude>
    <ClInclude Include="..\lua-arc4random\include\stdlib.h">
      <Filter>lua-arc4random\include</Filter>
    </ClInclude>
    <ClInclude Include="..\lua-arc4random\include\string.h">
      <Filter>lua-arc4random\include</Filter>
    </ClInclude>
    <ClInclude Include="..\lua-arc4random\include\unistd.h">
      <Filter>lua-arc4random\include</Filter>
    </ClInclude>
    <ClInclude Include="..\lua-arc4random\include\machine\endian.h">
      <Filter>lua-arc4random\include\machine</Filter>
    </ClInclude>
    <ClInclude Include="..\lua-arc4random\include\sys\types.h">
      <Filter>lua-arc4random\include\sys</Filter>
    </ClInclude>
    <ClInclude Include="..\lua-arc4random\compat\arc4random\arc4random.h">
      <Filter>lua-arc4random\compat\arc4random</Filter>
    </ClInclude>
    <ClInclude Include="..\lua-arc4random\compat\arc4random\arc4random_freebsd.h">
      <Filter>lua-arc4random\compat\arc4random</Filter>
    </ClInclude>
    <ClInclude Include="..\lua-arc4random\compat\arc4random\arc4random_linux.h">
      <Filter>lua-arc4random\compat\arc4random</Filter>
    </ClInclude>
    <ClInclude Include="..\lua-arc4random\compat\arc4random\arc4random_osx.h">
      <Filter>lua-arc4random\compat\arc4random</Filter>
    </ClInclude>
    <ClInclude Include="..\lua-arc4random\compat\arc4random\arc4random_solaris.h">
      <Filter>lua-arc4random\compat\arc4random</Filter>
    </ClInclude>
    <ClInclude Include="..\lua-arc4random\compat\arc4random\arc4random_win.h">
      <Filter>lua-arc4random\compat\arc4random</Filter>
    </ClInclude>
    <ClInclude Include="..\lua-arc4random\compat\arc4random\chacha_private.h">
      <Filter>lua-arc4random\compat\arc4random</Filter>
    </ClInclude>
    <ClInclude Include="..\lua-cjson\dtoa_config.h">
      <Filter>lua-cjson</Filter>
    </ClInclude>
    <ClInclude Include="..\lua-cjson\fpconv.h">
      <Filter>lua-cjson</Filter>
    </ClInclude>
    <ClInclude Include="..\lua-cjson\strbuf.h">
      <Filter>lua-cjson</Filter>
    </ClInclude>
    <ClInclude Include="..\lua-5.3.4-src\src\lapi.h">
      <Filter>lua-5.3.4-src\src</Filter>
    </ClInclude>
    <ClInclude Include="..\lua-5.3.4-src\src\lauxlib.h">
      <Filter>lua-5.3.4-src\src</Filter>
    </ClInclude>
    <ClInclude Include="..\lua-5.3.4-src\src\lcode.h">
      <Filter>lua-5.3.4-src\src</Filter>
    </ClInclude>
    <ClInclude Include="..\lua-5.3.4-src\src\lctype.h">
      <Filter>lua-5.3.4-src\src</Filter>
    </ClInclude>
    <ClInclude Include="..\lua-5.3.4-src\src\ldebug.h">
      <Filter>lua-5.3.4-src\src</Filter>
    </ClInclude>
    <ClInclude Include="..\lua-5.3.4-src\src\ldo.h">
      <Filter>lua-5.3.4-src\src</Filter>
    </ClInclude>
    <ClInclude Include="..\lua-5.3.4-src\src\lfunc.h">
      <Filter>lua-5.3.4-src\src</Filter>
    </ClInclude>
    <ClInclude Include="..\lua-5.3.4-src\src\lgc.h">
      <Filter>lua-5.3.4-src\src</Filter>
    </ClInclude>
    <ClInclude Include="..\lua-5.3.4-src\src\llex.h">
      <Filter>lua-5.3.4-src\src</Filter>
    </ClInclude>
    <ClInclude Include="..\lua-5.3.4-src\src\llimits.h">
      <Filter>lua-5.3.4-src\src</Filter>
    </ClInclude>
    <ClInclude Include="..\lua-5.3.4-src\src\lmem.h">
      <Filter>lua-5.3.4-src\src</Filter>
    </ClInclude>
    <ClInclude Include="..\lua-5.3.4-src\src\lobject.h">
      <Filter>lua-5.3.4-src\src</Filter>
    </ClInclude>
    <ClInclude Include="..\lua-5.3.4-src\src\lopcodes.h">
      <Filter>lua-5.3.4-src\src</Filter>
    </ClInclude>
    <ClInclude Include="..\lua-5.3.4-src\src\lparser.h">
      <Filter>lua-5.3.4-src\src</Filter>
    </ClInclude>
    <ClInclude Include="..\lua-5.3.4-src\src\lprefix.h">
      <Filter>lua-5.3.4-src\src</Filter>
    </ClInclude>
    <ClInclude Include="..\lua-5.3.4-src\src\lstate.h">
      <Filter>lua-5.3.4-src\src</Filter>
    </ClInclude>
    <ClInclude Include="..\lua-5.3.4-src\src\lstring.h">
      <Filter>lua-5.3.4-src\src</Filter>
    </ClInclude>
    <ClInclude Include="..\lua-5.3.4-src\src\ltable.h">
      <Filter>lua-5.3.4-src\src</Filter>
    </ClInclude>
    <ClInclude Include="..\lua-5.3.4-src\src\ltm.h">
      <Filter>lua-5.3.4-src\src</Filter>
    </ClInclude>
    <ClInclude Include="..\lua-5.3.4-src\src\lua.h">
      <Filter>lua-5.3.4-src\src</Filter>
    </ClInclude>
    <ClInclude Include="..\lua-5.3.4-src\src\lua.hpp">
      <Filter>lua-5.3.4-src\src</Filter>
    </ClInclude>
    <ClInclude Include="..\lua-5.3.4-src\src\luaconf.h">
      <Filter>lua-5.3.4-src\src</Filter>
    </ClInclude>
    <ClInclude Include="..\lua-5.3.4-src\src\lualib.h">
      <Filter>lua-5.3.4-src\src</Filter>
    </ClInclude>
    <ClInclude Include="..\lua-5.3.4-src\src\lundump.h">
      <Filter>lua-5.3.4-src\src</Filter>
    </ClInclude>
    <ClInclude Include="..\lua-5.3.4-src\src\lvm.h">
      <Filter>lua-5.3.4-src\src</Filter>
    </ClInclude>
    <ClInclude Include="..\lua-5.3.4-src\src\lzio.h">
      <Filter>lua-5.3.4-src\src</Filter>
    </ClInclude>
    <ClInclude Include="..\NetPoll\poll_socket.h">
      <Filter>NetPoll</Filter>
    </ClInclude>
    <ClInclude Include="..\ConnectSkynet\select.h">
      <Filter>ConnectSkynet</Filter>
    </ClInclude>
    <ClInclude Include="..\ConnectSkynet\pbc\alloc.h">
      <Filter>ConnectSkynet\pbc</Filter>
    </ClInclude>
    <ClInclude Include="..\ConnectSkynet\pbc\array.h">
      <Filter>ConnectSkynet\pbc</Filter>
    </ClInclude>
    <ClInclude Include="..\ConnectSkynet\pbc\bootstrap.h">
      <Filter>ConnectSkynet\pbc</Filter>
    </ClInclude>
    <ClInclude Include="..\ConnectSkynet\pbc\context.h">
      <Filter>ConnectSkynet\pbc</Filter>
    </ClInclude>
    <ClInclude Include="..\ConnectSkynet\pbc\descriptor.pbc.h">
      <Filter>ConnectSkynet\pbc</Filter>
    </ClInclude>
    <ClInclude Include="..\ConnectSkynet\pbc\map.h">
      <Filter>ConnectSkynet\pbc</Filter>
    </ClInclude>
    <ClInclude Include="..\ConnectSkynet\pbc\pattern.h">
      <Filter>ConnectSkynet\pbc</Filter>
    </ClInclude>
    <ClInclude Include="..\ConnectSkynet\pbc\pbc.h">
      <Filter>ConnectSkynet\pbc</Filter>
    </ClInclude>
    <ClInclude Include="..\ConnectSkynet\pbc\proto.h">
      <Filter>ConnectSkynet\pbc</Filter>
    </ClInclude>
    <ClInclude Include="..\ConnectSkynet\pbc\stringpool.h">
      <Filter>ConnectSkynet\pbc</Filter>
    </ClInclude>
    <ClInclude Include="..\ConnectSkynet\pbc\varint.h">
      <Filter>ConnectSkynet\pbc</Filter>
    </ClInclude>
    <ClInclude Include="..\ConnectSkynet\readfile.h">
      <Filter>ConnectSkynet</Filter>
    </ClInclude>
    <ClInclude Include="..\NetEpoll\epoll_socket.h">
      <Filter>NetEpoll</Filter>
    </ClInclude>
    <ClInclude Include="..\logger\logger.h">
      <Filter>logger</Filter>
    </ClInclude>
    <ClInclude Include="..\demo_php_connect_server\select.h">
      <Filter>demo_php_connect_server</Filter>
    </ClInclude>
    <ClInclude Include="..\NetHttp\epoll_socket.h">
      <Filter>NetHttp</Filter>
    </ClInclude>
    <ClInclude Include="..\loggercpp\logger.h">
      <Filter>loggercpp</Filter>
    </ClInclude>
    <ClInclude Include="..\NetHttp\http_header.h">
      <Filter>NetHttp</Filter>
    </ClInclude>
    <ClInclude Include="..\NetHttp\base_unit.h">
      <Filter>NetHttp</Filter>
    </ClInclude>
    <ClInclude Include="..\loggersafe\logger.h">
      <Filter>loggersafe</Filter>
    </ClInclude>
    <ClInclude Include="..\cpp11\test_chrono_time.hpp">
      <Filter>cpp11</Filter>
    </ClInclude>
    <ClInclude Include="..\timer\timer.h">
      <Filter>timer</Filter>
    </ClInclude>
  </ItemGroup>
  <ItemGroup>
    <None Include="..\3rd\templog\doxygen.conf">
      <Filter>3rd\templog</Filter>
    </None>
    <None Include="..\3rd\templog\makefile">
      <Filter>3rd\templog</Filter>
    </None>
    <None Include="..\GeneralHashFunctions_-_C\Makefile">
      <Filter>GeneralHashFunctions_-_C</Filter>
    </None>
    <None Include="..\GeneralHashFunctions_-_CPP\Makefile">
      <Filter>GeneralHashFunctions_-_CPP</Filter>
    </None>
    <None Include="..\helloworld\Makefile">
      <Filter>helloworld</Filter>
    </None>
    <None Include="..\lua\helloworld.lua">
      <Filter>lua</Filter>
    </None>
    <None Include="..\MultiplayerBook\Makefile">
      <Filter>MultiplayerBook</Filter>
    </None>
    <None Include="..\proxy_epoll\Makefile">
      <Filter>proxy_epoll</Filter>
    </None>
    <None Include="..\proxy_epoll\Readme.md">
      <Filter>proxy_epoll</Filter>
    </None>
    <None Include="..\proxy_epoll\start_proxy.sh">
      <Filter>proxy_epoll</Filter>
    </None>
    <None Include="..\proxy_epoll\stop_proxy.sh">
      <Filter>proxy_epoll</Filter>
    </None>
    <None Include="..\proxy_epoll\subproxy\start_proxy.sh">
      <Filter>proxy_epoll\subproxy</Filter>
    </None>
    <None Include="..\proxy_epoll\subproxy\stop_proxy.sh">
      <Filter>proxy_epoll\subproxy</Filter>
    </None>
    <None Include="..\test\Makefile">
      <Filter>test</Filter>
    </None>
    <None Include="..\clean.sh" />
    <None Include="..\cpp11\Makefile">
      <Filter>cpp11</Filter>
    </None>
    <None Include="..\inicfg\Makefile">
      <Filter>inicfg</Filter>
    </None>
    <None Include="..\ThreadPool\Makefile">
      <Filter>ThreadPool</Filter>
    </None>
    <None Include="..\ThreadPool\README.md">
      <Filter>ThreadPool</Filter>
    </None>
    <None Include="..\referlib\Makefile">
      <Filter>referlib</Filter>
    </None>
    <None Include="..\declare\Makefile">
      <Filter>declare</Filter>
    </None>
    <None Include="..\referlib\stop_server.sh">
      <Filter>referlib</Filter>
    </None>
    <None Include="..\referlib\start_server.sh">
      <Filter>referlib</Filter>
    </None>
    <None Include="..\referlib\stop_client.sh">
      <Filter>referlib</Filter>
    </None>
    <None Include="..\lua\gate.lua">
      <Filter>lua</Filter>
    </None>
    <None Include="..\lua\gateserver_ws.lua">
      <Filter>lua</Filter>
    </None>
    <None Include="..\lua\print_r.lua">
      <Filter>lua</Filter>
    </None>
    <None Include="..\lua\func_param.lua">
      <Filter>lua</Filter>
    </None>
    <None Include="..\lua\class_test.lua">
      <Filter>lua</Filter>
    </None>
    <None Include="..\lua\class_child.lua">
      <Filter>lua</Filter>
    </None>
    <None Include="..\lua\class_parent.lua">
      <Filter>lua</Filter>
    </None>
    <None Include="..\lua\closure_func.lua">
      <Filter>lua</Filter>
    </None>
    <None Include="..\http\Makefile">
      <Filter>http</Filter>
    </None>
    <None Include="..\webservice\Makefile">
      <Filter>webservice</Filter>
    </None>
    <None Include="..\webservice\stop_client.sh">
      <Filter>webservice</Filter>
    </None>
    <None Include="..\websocket\Makefile">
      <Filter>websocket</Filter>
    </None>
    <None Include="..\websocket\test.html">
      <Filter>websocket</Filter>
    </None>
    <None Include="..\candlua\Makefile">
      <Filter>candlua</Filter>
    </None>
    <None Include="..\candlua\test_clib.lua">
      <Filter>candlua</Filter>
    </None>
    <None Include="..\candlua\test_clib2.lua">
      <Filter>candlua</Filter>
    </None>
    <None Include="..\lua\eventDispatcher.lua">
      <Filter>lua</Filter>
    </None>
    <None Include="..\card\Makefile">
      <Filter>card</Filter>
    </None>
    <None Include="..\candlua\test_pbcc.lua">
      <Filter>candlua</Filter>
    </None>
    <None Include="..\candlua\pbc\Makefile">
      <Filter>candlua\pbc</Filter>
    </None>
    <None Include="..\candlua\protobuf.lua">
      <Filter>candlua</Filter>
    </None>
    <None Include="..\lua\common.lua">
      <Filter>lua</Filter>
    </None>
    <None Include="..\lua\pbConfig.lua">
      <Filter>lua</Filter>
    </None>
    <None Include="..\lua\pbParser.lua">
      <Filter>lua</Filter>
    </None>
    <None Include="..\lua\table_self.lua">
      <Filter>lua</Filter>
    </None>
    <None Include="..\lua\table_setmetatable.lua">
      <Filter>lua</Filter>
    </None>
    <None Include="..\lua\test_loop.lua">
      <Filter>lua</Filter>
    </None>
    <None Include="..\lua\test_table.lua">
      <Filter>lua</Filter>
    </None>
    <None Include="..\lua\test_timer.lua">
      <Filter>lua</Filter>
    </None>
    <None Include="..\lua\timer.lua">
      <Filter>lua</Filter>
    </None>
    <None Include="..\lua\xpcall.lua">
      <Filter>lua</Filter>
    </None>
    <None Include="..\candlua\loginServer.login.s2c.proto">
      <Filter>candlua</Filter>
    </None>
    <None Include="..\candlua\test_wordfilter.lua">
      <Filter>candlua</Filter>
    </None>
    <None Include="..\candlua\test_sui.lua">
      <Filter>candlua</Filter>
    </None>
    <None Include="..\candlua\cItemBuffer.lua">
      <Filter>candlua</Filter>
    </None>
    <None Include="..\lua-arc4random\Makefile">
      <Filter>lua-arc4random</Filter>
    </None>
    <None Include="..\lua-arc4random\Makefile.mess">
      <Filter>lua-arc4random</Filter>
    </None>
    <None Include="..\lua-arc4random\README.md">
      <Filter>lua-arc4random</Filter>
    </None>
    <None Include="..\lua-arc4random\test.lua">
      <Filter>lua-arc4random</Filter>
    </None>
    <None Include="..\lua-arc4random\rockspec\arc4random-1.0-1.rockspec">
      <Filter>lua-arc4random\rockspec</Filter>
    </None>
    <None Include="..\lua-arc4random\rockspec\arc4random-1.1-1.rockspec">
      <Filter>lua-arc4random\rockspec</Filter>
    </None>
    <None Include="..\lua-arc4random\rockspec\arc4random-1.2-1.rockspec">
      <Filter>lua-arc4random\rockspec</Filter>
    </None>
    <None Include="..\lua-arc4random\rockspec\arc4random-1.3-1.rockspec">
      <Filter>lua-arc4random\rockspec</Filter>
    </None>
    <None Include="..\lua-arc4random\rockspec\arc4random-1.3-2.rockspec">
      <Filter>lua-arc4random\rockspec</Filter>
    </None>
    <None Include="..\lua-arc4random\rockspec\arc4random-1.3-3.rockspec">
      <Filter>lua-arc4random\rockspec</Filter>
    </None>
    <None Include="..\lua-arc4random\rockspec\arc4random-scm-1.rockspec">
      <Filter>lua-arc4random\rockspec</Filter>
    </None>
    <None Include="..\lua-cjson\build-packages.sh">
      <Filter>lua-cjson</Filter>
    </None>
    <None Include="..\lua-cjson\LICENSE">
      <Filter>lua-cjson</Filter>
    </None>
    <None Include="..\lua-cjson\lua-cjson.spec">
      <Filter>lua-cjson</Filter>
    </None>
    <None Include="..\lua-cjson\lua-cjson-2.1devel-1.rockspec">
      <Filter>lua-cjson</Filter>
    </None>
    <None Include="..\lua-cjson\Makefile">
      <Filter>lua-cjson</Filter>
    </None>
    <None Include="..\lua-cjson\manual.adoc">
      <Filter>lua-cjson</Filter>
    </None>
    <None Include="..\lua-cjson\NEWS">
      <Filter>lua-cjson</Filter>
    </None>
    <None Include="..\lua-cjson\performance.adoc">
      <Filter>lua-cjson</Filter>
    </None>
    <None Include="..\lua-cjson\README.adoc">
      <Filter>lua-cjson</Filter>
    </None>
    <None Include="..\lua-cjson\runtests.sh">
      <Filter>lua-cjson</Filter>
    </None>
    <None Include="..\lua-cjson\THANKS">
      <Filter>lua-cjson</Filter>
    </None>
    <None Include="..\lua-cjson\TODO">
      <Filter>lua-cjson</Filter>
    </None>
    <None Include="..\lua-cjson\lua\json2lua.lua">
      <Filter>lua-cjson\lua</Filter>
    </None>
    <None Include="..\lua-cjson\lua\lua2json.lua">
      <Filter>lua-cjson\lua</Filter>
    </None>
    <None Include="..\lua-cjson\lua\cjson\util.lua">
      <Filter>lua-cjson\lua\cjson</Filter>
    </None>
    <None Include="..\lua-cjson\tests\bench.lua">
      <Filter>lua-cjson\tests</Filter>
    </None>
    <None Include="..\lua-cjson\tests\example1.json">
      <Filter>lua-cjson\tests</Filter>
    </None>
    <None Include="..\lua-cjson\tests\example2.json">
      <Filter>lua-cjson\tests</Filter>
    </None>
    <None Include="..\lua-cjson\tests\example3.json">
      <Filter>lua-cjson\tests</Filter>
    </None>
    <None Include="..\lua-cjson\tests\example4.json">
      <Filter>lua-cjson\tests</Filter>
    </None>
    <None Include="..\lua-cjson\tests\example5.json">
      <Filter>lua-cjson\tests</Filter>
    </None>
    <None Include="..\lua-cjson\tests\genutf8.pl">
      <Filter>lua-cjson\tests</Filter>
    </None>
    <None Include="..\lua-cjson\tests\numbers.json">
      <Filter>lua-cjson\tests</Filter>
    </None>
    <None Include="..\lua-cjson\tests\octets-escaped.dat">
      <Filter>lua-cjson\tests</Filter>
    </None>
    <None Include="..\lua-cjson\tests\README">
      <Filter>lua-cjson\tests</Filter>
    </None>
    <None Include="..\lua-cjson\tests\rfc-example1.json">
      <Filter>lua-cjson\tests</Filter>
    </None>
    <None Include="..\lua-cjson\tests\rfc-example2.json">
      <Filter>lua-cjson\tests</Filter>
    </None>
    <None Include="..\lua-cjson\tests\test.lua">
      <Filter>lua-cjson\tests</Filter>
    </None>
    <None Include="..\lua-cjson\tests\types.json">
      <Filter>lua-cjson\tests</Filter>
    </None>
    <None Include="..\lua-5.3.4-src\Makefile">
      <Filter>lua-5.3.4-src</Filter>
    </None>
    <None Include="..\lua-5.3.4-src\README">
      <Filter>lua-5.3.4-src</Filter>
    </None>
    <None Include="..\lua-5.3.4-src\doc\contents.html">
      <Filter>lua-5.3.4-src\doc</Filter>
    </None>
    <None Include="..\lua-5.3.4-src\doc\index.css">
      <Filter>lua-5.3.4-src\doc</Filter>
    </None>
    <None Include="..\lua-5.3.4-src\doc\lua.1">
      <Filter>lua-5.3.4-src\doc</Filter>
    </None>
    <None Include="..\lua-5.3.4-src\doc\lua.css">
      <Filter>lua-5.3.4-src\doc</Filter>
    </None>
    <None Include="..\lua-5.3.4-src\doc\luac.1">
      <Filter>lua-5.3.4-src\doc</Filter>
    </None>
    <None Include="..\lua-5.3.4-src\doc\manual.css">
      <Filter>lua-5.3.4-src\doc</Filter>
    </None>
    <None Include="..\lua-5.3.4-src\doc\manual.html">
      <Filter>lua-5.3.4-src\doc</Filter>
    </None>
    <None Include="..\lua-5.3.4-src\doc\readme.html">
      <Filter>lua-5.3.4-src\doc</Filter>
    </None>
    <None Include="..\lua-5.3.4-src\src\Makefile">
      <Filter>lua-5.3.4-src\src</Filter>
    </None>
    <None Include="..\NetSelect\Makefile">
      <Filter>NetSelect</Filter>
    </None>
    <None Include="..\NetPoll\Makefile">
      <Filter>NetPoll</Filter>
    </None>
    <None Include="..\ConnectSkynet\Makefile">
      <Filter>ConnectSkynet</Filter>
    </None>
    <None Include="..\ConnectSkynet\pbc\Makefile">
      <Filter>ConnectSkynet\pbc</Filter>
    </None>
    <None Include="..\ConnectSkynet\loginServer.login.s2c.proto">
      <Filter>ConnectSkynet</Filter>
    </None>
    <None Include="..\ConnectSkynet\loginServer.login.c2s.proto">
      <Filter>ConnectSkynet</Filter>
    </None>
    <None Include="..\big_little_endian\Makefile">
      <Filter>big_little_endian</Filter>
    </None>
    <None Include="..\NetEpoll\Makefile">
      <Filter>NetEpoll</Filter>
    </None>
    <None Include="..\logger\Makefile">
      <Filter>logger</Filter>
    </None>
    <None Include="..\demo_php_connect_server\Makefile">
      <Filter>demo_php_connect_server</Filter>
    </None>
    <None Include="..\NetHttp\Makefile">
      <Filter>NetHttp</Filter>
    </None>
    <None Include="..\loggercpp\Makefile">
      <Filter>loggercpp</Filter>
    </None>
    <None Include="..\loggersafe\Makefile">
      <Filter>loggersafe</Filter>
    </None>
    <None Include="..\loggersafe\stop.sh">
      <Filter>loggersafe</Filter>
    </None>
    <None Include="..\timer\Makefile">
      <Filter>timer</Filter>
    </None>
    <None Include="..\loggersafe\reload.sh">
      <Filter>loggersafe</Filter>
    </None>
    <None Include="..\luafunc\xLogService.lua">
      <Filter>luafunc</Filter>
    </None>
    <None Include="..\luafunc\makefile">
      <Filter>luafunc</Filter>
    </None>
    <None Include="..\luafunc\pbConfig.lua">
      <Filter>luafunc</Filter>
    </None>
    <None Include="..\luafunc\print_r.lua">
      <Filter>luafunc</Filter>
    </None>
    <None Include="..\luafunc\test_utility.lua">
      <Filter>luafunc</Filter>
    </None>
    <None Include="..\luafunc\cjson\script.lua">
      <Filter>luafunc\cjson</Filter>
    </None>
    <None Include="..\luafunc\cjson\util.lua">
      <Filter>luafunc\cjson</Filter>
    </None>
    <None Include="..\luafunc\script.lua">
      <Filter>luafunc</Filter>
    </None>
    <None Include="..\luafunc\test_cjson.lua">
      <Filter>luafunc</Filter>
    </None>
    <None Include="..\luafunc\utility\bullet.lua">
      <Filter>luafunc\utility</Filter>
    </None>
    <None Include="..\luafunc\utility\currency.lua">
      <Filter>luafunc\utility</Filter>
    </None>
    <None Include="..\luafunc\utility\DropTable.csv">
      <Filter>luafunc\utility</Filter>
    </None>
    <None Include="..\luafunc\utility\ip.lua">
      <Filter>luafunc\utility</Filter>
    </None>
    <None Include="..\luafunc\utility\jsonHttpResponse.lua">
      <Filter>luafunc\utility</Filter>
    </None>
    <None Include="..\luafunc\utility\path.lua">
      <Filter>luafunc\utility</Filter>
    </None>
    <None Include="..\luafunc\utility\print_r.lua">
      <Filter>luafunc\utility</Filter>
    </None>
    <None Include="..\luafunc\utility\readFile.lua">
      <Filter>luafunc\utility</Filter>
    </None>
    <None Include="..\luafunc\utility\sign.lua">
      <Filter>luafunc\utility</Filter>
    </None>
    <None Include="..\luafunc\utility\string.lua">
      <Filter>luafunc\utility</Filter>
    </None>
    <None Include="..\luafunc\utility\table.lua">
      <Filter>luafunc\utility</Filter>
    </None>
    <None Include="..\luafunc\utility\time.lua">
      <Filter>luafunc\utility</Filter>
    </None>
    <None Include="..\luafunc\utility\xpcall.lua">
      <Filter>luafunc\utility</Filter>
    </None>
    <None Include="..\luafunc\test_struct.lua">
      <Filter>luafunc</Filter>
    </None>
  </ItemGroup>
  <ItemGroup>
    <ClCompile Include="..\3rd\templog\imp\logging.cpp">
      <Filter>3rd\templog\imp</Filter>
    </ClCompile>
    <ClCompile Include="..\3rd\templog\test\test_logging.cpp">
      <Filter>3rd\templog\test</Filter>
    </ClCompile>
    <ClCompile Include="..\GeneralHashFunctions_-_C\GeneralHashFunctions.c">
      <Filter>GeneralHashFunctions_-_C</Filter>
    </ClCompile>
    <ClCompile Include="..\GeneralHashFunctions_-_C\HashTest.c">
      <Filter>GeneralHashFunctions_-_C</Filter>
    </ClCompile>
    <ClCompile Include="..\GeneralHashFunctions_-_CPP\GeneralHashFunctions.cpp">
      <Filter>GeneralHashFunctions_-_CPP</Filter>
    </ClCompile>
    <ClCompile Include="..\GeneralHashFunctions_-_CPP\HashTest.cpp">
      <Filter>GeneralHashFunctions_-_CPP</Filter>
    </ClCompile>
    <ClCompile Include="..\helloworld\helloworld.cpp">
      <Filter>helloworld</Filter>
    </ClCompile>
    <ClCompile Include="..\MultiplayerBook\Main.cpp">
      <Filter>MultiplayerBook</Filter>
    </ClCompile>
    <ClCompile Include="..\MultiplayerBook\MemoryBitStream.cpp">
      <Filter>MultiplayerBook</Filter>
    </ClCompile>
    <ClCompile Include="..\proxy_epoll\proxy_epoll.c">
      <Filter>proxy_epoll</Filter>
    </ClCompile>
    <ClCompile Include="..\test\helloworld.cpp">
      <Filter>test</Filter>
    </ClCompile>
    <ClCompile Include="..\cpp11\main.cpp">
      <Filter>cpp11</Filter>
    </ClCompile>
    <ClCompile Include="..\inicfg\INIFileOP.c">
      <Filter>inicfg</Filter>
    </ClCompile>
    <ClCompile Include="..\ThreadPool\example.cpp">
      <Filter>ThreadPool</Filter>
    </ClCompile>
    <ClCompile Include="..\referlib\eventmanager.cc">
      <Filter>referlib</Filter>
    </ClCompile>
    <ClCompile Include="..\referlib\eventmanager_test.cc">
      <Filter>referlib</Filter>
    </ClCompile>
    <ClCompile Include="..\referlib\future_test.cc">
      <Filter>referlib</Filter>
    </ClCompile>
    <ClCompile Include="..\referlib\iobuffer_test.cc">
      <Filter>referlib</Filter>
    </ClCompile>
    <ClCompile Include="..\referlib\tcp.cc">
      <Filter>referlib</Filter>
    </ClCompile>
    <ClCompile Include="..\referlib\tcp_test.cc">
      <Filter>referlib</Filter>
    </ClCompile>
    <ClCompile Include="..\declare\helloworld.cpp">
      <Filter>declare</Filter>
    </ClCompile>
    <ClCompile Include="..\referlib\server.cpp">
      <Filter>referlib</Filter>
    </ClCompile>
    <ClCompile Include="..\referlib\client.cpp">
      <Filter>referlib</Filter>
    </ClCompile>
    <ClCompile Include="..\http\http_client.cpp">
      <Filter>http</Filter>
    </ClCompile>
    <ClCompile Include="..\http\http_method.cpp">
      <Filter>http</Filter>
    </ClCompile>
    <ClCompile Include="..\http\http_protocol.cpp">
      <Filter>http</Filter>
    </ClCompile>
    <ClCompile Include="..\http\http_request.cpp">
      <Filter>http</Filter>
    </ClCompile>
    <ClCompile Include="..\http\http_response.cpp">
      <Filter>http</Filter>
    </ClCompile>
    <ClCompile Include="..\http\http_status.cpp">
      <Filter>http</Filter>
    </ClCompile>
    <ClCompile Include="..\http\http.cpp">
      <Filter>http</Filter>
    </ClCompile>
    <ClCompile Include="..\http\socklib.cpp">
      <Filter>http</Filter>
    </ClCompile>
    <ClCompile Include="..\http\http_client_main.cpp">
      <Filter>http</Filter>
    </ClCompile>
    <ClCompile Include="..\http\http_server.cpp">
      <Filter>http</Filter>
    </ClCompile>
    <ClCompile Include="..\http\http_server_main.cpp">
      <Filter>http</Filter>
    </ClCompile>
    <ClCompile Include="..\webservice\webclient.cpp">
      <Filter>webservice</Filter>
    </ClCompile>
    <ClCompile Include="..\webservice\websocket.cpp">
      <Filter>webservice</Filter>
    </ClCompile>
    <ClCompile Include="..\websocket\base64.cpp">
      <Filter>websocket</Filter>
    </ClCompile>
    <ClCompile Include="..\websocket\debug_log.cpp">
      <Filter>websocket</Filter>
    </ClCompile>
    <ClCompile Include="..\websocket\main.cpp">
      <Filter>websocket</Filter>
    </ClCompile>
    <ClCompile Include="..\websocket\network_interface.cpp">
      <Filter>websocket</Filter>
    </ClCompile>
    <ClCompile Include="..\websocket\sha1.cpp">
      <Filter>websocket</Filter>
    </ClCompile>
    <ClCompile Include="..\websocket\websocket_handler.cpp">
      <Filter>websocket</Filter>
    </ClCompile>
    <ClCompile Include="..\websocket\websocket_request.cpp">
      <Filter>websocket</Filter>
    </ClCompile>
    <ClCompile Include="..\websocket\websocket_respond.cpp">
      <Filter>websocket</Filter>
    </ClCompile>
    <ClCompile Include="..\candlua\test_clib.c">
      <Filter>candlua</Filter>
    </ClCompile>
    <ClCompile Include="..\candlua\test_clib2.c">
      <Filter>candlua</Filter>
    </ClCompile>
    <ClCompile Include="..\card\main.cpp">
      <Filter>card</Filter>
    </ClCompile>
    <ClCompile Include="..\candlua\lua-pbcc.c">
      <Filter>candlua</Filter>
    </ClCompile>
    <ClCompile Include="..\candlua\pbc\alloc.c">
      <Filter>candlua\pbc</Filter>
    </ClCompile>
    <ClCompile Include="..\candlua\pbc\array.c">
      <Filter>candlua\pbc</Filter>
    </ClCompile>
    <ClCompile Include="..\candlua\pbc\bootstrap.c">
      <Filter>candlua\pbc</Filter>
    </ClCompile>
    <ClCompile Include="..\candlua\pbc\context.c">
      <Filter>candlua\pbc</Filter>
    </ClCompile>
    <ClCompile Include="..\candlua\pbc\decode.c">
      <Filter>candlua\pbc</Filter>
    </ClCompile>
    <ClCompile Include="..\candlua\pbc\map.c">
      <Filter>candlua\pbc</Filter>
    </ClCompile>
    <ClCompile Include="..\candlua\pbc\pattern.c">
      <Filter>candlua\pbc</Filter>
    </ClCompile>
    <ClCompile Include="..\candlua\pbc\proto.c">
      <Filter>candlua\pbc</Filter>
    </ClCompile>
    <ClCompile Include="..\candlua\pbc\register.c">
      <Filter>candlua\pbc</Filter>
    </ClCompile>
    <ClCompile Include="..\candlua\pbc\rmessage.c">
      <Filter>candlua\pbc</Filter>
    </ClCompile>
    <ClCompile Include="..\candlua\pbc\stringpool.c">
      <Filter>candlua\pbc</Filter>
    </ClCompile>
    <ClCompile Include="..\candlua\pbc\varint.c">
      <Filter>candlua\pbc</Filter>
    </ClCompile>
    <ClCompile Include="..\candlua\pbc\wmessage.c">
      <Filter>candlua\pbc</Filter>
    </ClCompile>
    <ClCompile Include="..\candlua\pbc-lua53.c">
      <Filter>candlua</Filter>
    </ClCompile>
    <ClCompile Include="..\candlua\lua-wordfilter.c">
      <Filter>candlua</Filter>
    </ClCompile>
    <ClCompile Include="..\candlua\lua-sui.c">
      <Filter>candlua</Filter>
    </ClCompile>
    <ClCompile Include="..\lua-arc4random\src\main.c">
      <Filter>lua-arc4random\src</Filter>
    </ClCompile>
    <ClCompile Include="..\lua-arc4random\compat\arc4random\arc4random.c">
      <Filter>lua-arc4random\compat\arc4random</Filter>
    </ClCompile>
    <ClCompile Include="..\lua-arc4random\compat\arc4random\arc4random_uniform.c">
      <Filter>lua-arc4random\compat\arc4random</Filter>
    </ClCompile>
    <ClCompile Include="..\lua-arc4random\compat\getentropy\getentropy_freebsd.c">
      <Filter>lua-arc4random\compat\getentropy</Filter>
    </ClCompile>
    <ClCompile Include="..\lua-arc4random\compat\getentropy\getentropy_linux.c">
      <Filter>lua-arc4random\compat\getentropy</Filter>
    </ClCompile>
    <ClCompile Include="..\lua-arc4random\compat\getentropy\getentropy_osx.c">
      <Filter>lua-arc4random\compat\getentropy</Filter>
    </ClCompile>
    <ClCompile Include="..\lua-arc4random\compat\getentropy\getentropy_solaris.c">
      <Filter>lua-arc4random\compat\getentropy</Filter>
    </ClCompile>
    <ClCompile Include="..\lua-arc4random\compat\getentropy\getentropy_win.c">
      <Filter>lua-arc4random\compat\getentropy</Filter>
    </ClCompile>
    <ClCompile Include="..\lua-arc4random\compat\sha\sha512.c">
      <Filter>lua-arc4random\compat\sha</Filter>
    </ClCompile>
    <ClCompile Include="..\lua-cjson\dtoa.c">
      <Filter>lua-cjson</Filter>
    </ClCompile>
    <ClCompile Include="..\lua-cjson\fpconv.c">
      <Filter>lua-cjson</Filter>
    </ClCompile>
    <ClCompile Include="..\lua-cjson\g_fmt.c">
      <Filter>lua-cjson</Filter>
    </ClCompile>
    <ClCompile Include="..\lua-cjson\lua_cjson.c">
      <Filter>lua-cjson</Filter>
    </ClCompile>
    <ClCompile Include="..\lua-cjson\strbuf.c">
      <Filter>lua-cjson</Filter>
    </ClCompile>
    <ClCompile Include="..\lua-5.3.4-src\src\lapi.c">
      <Filter>lua-5.3.4-src\src</Filter>
    </ClCompile>
    <ClCompile Include="..\lua-5.3.4-src\src\lauxlib.c">
      <Filter>lua-5.3.4-src\src</Filter>
    </ClCompile>
    <ClCompile Include="..\lua-5.3.4-src\src\lbaselib.c">
      <Filter>lua-5.3.4-src\src</Filter>
    </ClCompile>
    <ClCompile Include="..\lua-5.3.4-src\src\lbitlib.c">
      <Filter>lua-5.3.4-src\src</Filter>
    </ClCompile>
    <ClCompile Include="..\lua-5.3.4-src\src\lcode.c">
      <Filter>lua-5.3.4-src\src</Filter>
    </ClCompile>
    <ClCompile Include="..\lua-5.3.4-src\src\lcorolib.c">
      <Filter>lua-5.3.4-src\src</Filter>
    </ClCompile>
    <ClCompile Include="..\lua-5.3.4-src\src\lctype.c">
      <Filter>lua-5.3.4-src\src</Filter>
    </ClCompile>
    <ClCompile Include="..\lua-5.3.4-src\src\ldblib.c">
      <Filter>lua-5.3.4-src\src</Filter>
    </ClCompile>
    <ClCompile Include="..\lua-5.3.4-src\src\ldebug.c">
      <Filter>lua-5.3.4-src\src</Filter>
    </ClCompile>
    <ClCompile Include="..\lua-5.3.4-src\src\ldo.c">
      <Filter>lua-5.3.4-src\src</Filter>
    </ClCompile>
    <ClCompile Include="..\lua-5.3.4-src\src\ldump.c">
      <Filter>lua-5.3.4-src\src</Filter>
    </ClCompile>
    <ClCompile Include="..\lua-5.3.4-src\src\lfunc.c">
      <Filter>lua-5.3.4-src\src</Filter>
    </ClCompile>
    <ClCompile Include="..\lua-5.3.4-src\src\lgc.c">
      <Filter>lua-5.3.4-src\src</Filter>
    </ClCompile>
    <ClCompile Include="..\lua-5.3.4-src\src\linit.c">
      <Filter>lua-5.3.4-src\src</Filter>
    </ClCompile>
    <ClCompile Include="..\lua-5.3.4-src\src\liolib.c">
      <Filter>lua-5.3.4-src\src</Filter>
    </ClCompile>
    <ClCompile Include="..\lua-5.3.4-src\src\llex.c">
      <Filter>lua-5.3.4-src\src</Filter>
    </ClCompile>
    <ClCompile Include="..\lua-5.3.4-src\src\lmathlib.c">
      <Filter>lua-5.3.4-src\src</Filter>
    </ClCompile>
    <ClCompile Include="..\lua-5.3.4-src\src\lmem.c">
      <Filter>lua-5.3.4-src\src</Filter>
    </ClCompile>
    <ClCompile Include="..\lua-5.3.4-src\src\loadlib.c">
      <Filter>lua-5.3.4-src\src</Filter>
    </ClCompile>
    <ClCompile Include="..\lua-5.3.4-src\src\lobject.c">
      <Filter>lua-5.3.4-src\src</Filter>
    </ClCompile>
    <ClCompile Include="..\lua-5.3.4-src\src\lopcodes.c">
      <Filter>lua-5.3.4-src\src</Filter>
    </ClCompile>
    <ClCompile Include="..\lua-5.3.4-src\src\loslib.c">
      <Filter>lua-5.3.4-src\src</Filter>
    </ClCompile>
    <ClCompile Include="..\lua-5.3.4-src\src\lparser.c">
      <Filter>lua-5.3.4-src\src</Filter>
    </ClCompile>
    <ClCompile Include="..\lua-5.3.4-src\src\lstate.c">
      <Filter>lua-5.3.4-src\src</Filter>
    </ClCompile>
    <ClCompile Include="..\lua-5.3.4-src\src\lstring.c">
      <Filter>lua-5.3.4-src\src</Filter>
    </ClCompile>
    <ClCompile Include="..\lua-5.3.4-src\src\lstrlib.c">
      <Filter>lua-5.3.4-src\src</Filter>
    </ClCompile>
    <ClCompile Include="..\lua-5.3.4-src\src\ltable.c">
      <Filter>lua-5.3.4-src\src</Filter>
    </ClCompile>
    <ClCompile Include="..\lua-5.3.4-src\src\ltablib.c">
      <Filter>lua-5.3.4-src\src</Filter>
    </ClCompile>
    <ClCompile Include="..\lua-5.3.4-src\src\ltm.c">
      <Filter>lua-5.3.4-src\src</Filter>
    </ClCompile>
    <ClCompile Include="..\lua-5.3.4-src\src\lua.c">
      <Filter>lua-5.3.4-src\src</Filter>
    </ClCompile>
    <ClCompile Include="..\lua-5.3.4-src\src\luac.c">
      <Filter>lua-5.3.4-src\src</Filter>
    </ClCompile>
    <ClCompile Include="..\lua-5.3.4-src\src\lundump.c">
      <Filter>lua-5.3.4-src\src</Filter>
    </ClCompile>
    <ClCompile Include="..\lua-5.3.4-src\src\lutf8lib.c">
      <Filter>lua-5.3.4-src\src</Filter>
    </ClCompile>
    <ClCompile Include="..\lua-5.3.4-src\src\lvm.c">
      <Filter>lua-5.3.4-src\src</Filter>
    </ClCompile>
    <ClCompile Include="..\lua-5.3.4-src\src\lzio.c">
      <Filter>lua-5.3.4-src\src</Filter>
    </ClCompile>
    <ClCompile Include="..\NetSelect\select.h">
      <Filter>NetSelect</Filter>
    </ClCompile>
    <ClCompile Include="..\NetSelect\client.c">
      <Filter>NetSelect</Filter>
    </ClCompile>
    <ClCompile Include="..\NetSelect\server.c">
      <Filter>NetSelect</Filter>
    </ClCompile>
    <ClCompile Include="..\NetPoll\client.c">
      <Filter>NetPoll</Filter>
    </ClCompile>
    <ClCompile Include="..\NetPoll\server.c">
      <Filter>NetPoll</Filter>
    </ClCompile>
    <ClCompile Include="..\ConnectSkynet\client.c">
      <Filter>ConnectSkynet</Filter>
    </ClCompile>
    <ClCompile Include="..\ConnectSkynet\lua-pbcc.c">
      <Filter>ConnectSkynet</Filter>
    </ClCompile>
    <ClCompile Include="..\ConnectSkynet\pbc\alloc.c">
      <Filter>ConnectSkynet\pbc</Filter>
    </ClCompile>
    <ClCompile Include="..\ConnectSkynet\pbc\array.c">
      <Filter>ConnectSkynet\pbc</Filter>
    </ClCompile>
    <ClCompile Include="..\ConnectSkynet\pbc\bootstrap.c">
      <Filter>ConnectSkynet\pbc</Filter>
    </ClCompile>
    <ClCompile Include="..\ConnectSkynet\pbc\context.c">
      <Filter>ConnectSkynet\pbc</Filter>
    </ClCompile>
    <ClCompile Include="..\ConnectSkynet\pbc\decode.c">
      <Filter>ConnectSkynet\pbc</Filter>
    </ClCompile>
    <ClCompile Include="..\ConnectSkynet\pbc\map.c">
      <Filter>ConnectSkynet\pbc</Filter>
    </ClCompile>
    <ClCompile Include="..\ConnectSkynet\pbc\pattern.c">
      <Filter>ConnectSkynet\pbc</Filter>
    </ClCompile>
    <ClCompile Include="..\ConnectSkynet\pbc\proto.c">
      <Filter>ConnectSkynet\pbc</Filter>
    </ClCompile>
    <ClCompile Include="..\ConnectSkynet\pbc\register.c">
      <Filter>ConnectSkynet\pbc</Filter>
    </ClCompile>
    <ClCompile Include="..\ConnectSkynet\pbc\rmessage.c">
      <Filter>ConnectSkynet\pbc</Filter>
    </ClCompile>
    <ClCompile Include="..\ConnectSkynet\pbc\stringpool.c">
      <Filter>ConnectSkynet\pbc</Filter>
    </ClCompile>
    <ClCompile Include="..\ConnectSkynet\pbc\varint.c">
      <Filter>ConnectSkynet\pbc</Filter>
    </ClCompile>
    <ClCompile Include="..\ConnectSkynet\pbc\wmessage.c">
      <Filter>ConnectSkynet\pbc</Filter>
    </ClCompile>
    <ClCompile Include="..\big_little_endian\main.c">
      <Filter>big_little_endian</Filter>
    </ClCompile>
    <ClCompile Include="..\NetEpoll\client.c">
      <Filter>NetEpoll</Filter>
    </ClCompile>
    <ClCompile Include="..\NetEpoll\server.c">
      <Filter>NetEpoll</Filter>
    </ClCompile>
    <ClCompile Include="..\logger\logger.c">
      <Filter>logger</Filter>
    </ClCompile>
    <ClCompile Include="..\logger\test.c">
      <Filter>logger</Filter>
    </ClCompile>
    <ClCompile Include="..\demo_php_connect_server\client.c">
      <Filter>demo_php_connect_server</Filter>
    </ClCompile>
    <ClCompile Include="..\NetHttp\client.c">
      <Filter>NetHttp</Filter>
    </ClCompile>
    <ClCompile Include="..\loggercpp\test.c">
      <Filter>loggercpp</Filter>
    </ClCompile>
    <ClCompile Include="..\loggercpp\logger.cpp">
      <Filter>loggercpp</Filter>
    </ClCompile>
    <ClCompile Include="..\loggersafe\logger.cpp">
      <Filter>loggersafe</Filter>
    </ClCompile>
    <ClCompile Include="..\loggersafe\test.c">
      <Filter>loggersafe</Filter>
    </ClCompile>
    <ClCompile Include="..\timer\test.c">
      <Filter>timer</Filter>
    </ClCompile>
    <ClCompile Include="..\timer\timer.c">
      <Filter>timer</Filter>
    </ClCompile>
    <ClCompile Include="..\luafunc\lua-struct.c">
      <Filter>luafunc</Filter>
    </ClCompile>
  </ItemGroup>
  <ItemGroup>
    <Text Include="..\cpp11\gcc install.txt">
      <Filter>cpp11</Filter>
    </Text>
    <Text Include="..\lua-cjson\CMakeLists.txt">
      <Filter>lua-cjson</Filter>
    </Text>
    <Text Include="..\lua-cjson\rfc4627.txt">
      <Filter>lua-cjson</Filter>
    </Text>
    <Text Include="..\lua-cjson\devel\json_parser_outline.txt">
      <Filter>lua-cjson\devel</Filter>
    </Text>
    <Text Include="..\gitcmd.txt" />
    <Text Include="..\NetEpoll\readme.txt">
      <Filter>NetEpoll</Filter>
    </Text>
  </ItemGroup>
  <ItemGroup>
    <Image Include="..\lua-5.3.4-src\doc\logo.gif">
      <Filter>lua-5.3.4-src\doc</Filter>
    </Image>
    <Image Include="..\lua-5.3.4-src\doc\osi-certified-72x60.png">
      <Filter>lua-5.3.4-src\doc</Filter>
    </Image>
  </ItemGroup>
</Project>